
Microsoft Visual Studio Solution File, Format Version 12.00
# Visual Studio 15
Project("{FAE04EC0-301F-11D3-BF4B-00C04F79EFBC}") = "Assembly-CSharp", "Assembly-CSharp.csproj", "{DDFBC18F-9396-3137-9CFE-DEB2CDB74636}"
EndProject
Project("{FAE04EC0-301F-11D3-BF4B-00C04F79EFBC}") = "Unity.Postprocessing.Runtime", "Unity.Postprocessing.Runtime.csproj", "{D4A55453-8037-32B1-0729-BC0A5605F996}"
EndProject
Project("{FAE04EC0-301F-11D3-BF4B-00C04F79EFBC}") = "Unity.Postprocessing.Editor", "Unity.Postprocessing.Editor.csproj", "{70A89375-AAED-982F-B7FB-27B70041EFDC}"
EndProject
Global
	GlobalSection(SolutionConfigurationPlatforms) = preSolution
		Debug|Any CPU = Debug|Any CPU
		Release|Any CPU = Release|Any CPU
	EndGlobalSection
	GlobalSection(ProjectConfigurationPlatforms) = postSolution
		{DDFBC18F-9396-3137-9CFE-DEB2CDB74636}.Debug|Any CPU.ActiveCfg = Debug|Any CPU
		{DDFBC18F-9396-3137-9CFE-DEB2CDB74636}.Debug|Any CPU.Build.0 = Debug|Any CPU
		{DDFBC18F-9396-3137-9CFE-DEB2CDB74636}.Release|Any CPU.ActiveCfg = Release|Any CPU
		{DDFBC18F-9396-3137-9CFE-DEB2CDB74636}.Release|Any CPU.Build.0 = Release|Any CPU
		{D4A55453-8037-32B1-0729-BC0A5605F996}.Debug|Any CPU.ActiveCfg = Debug|Any CPU
		{D4A55453-8037-32B1-0729-BC0A5605F996}.Debug|Any CPU.Build.0 = Debug|Any CPU
		{D4A55453-8037-32B1-0729-BC0A5605F996}.Release|Any CPU.ActiveCfg = Release|Any CPU
		{D4A55453-8037-32B1-0729-BC0A5605F996}.Release|Any CPU.Build.0 = Release|Any CPU
		{70A89375-AAED-982F-B7FB-27B70041EFDC}.Debug|Any CPU.ActiveCfg = Debug|Any CPU
		{70A89375-AAED-982F-B7FB-27B70041EFDC}.Debug|Any CPU.Build.0 = Debug|Any CPU
		{70A89375-AAED-982F-B7FB-27B70041EFDC}.Release|Any CPU.ActiveCfg = Release|Any CPU
		{70A89375-AAED-982F-B7FB-27B70041EFDC}.Release|Any CPU.Build.0 = Release|Any CPU
	EndGlobalSection
	GlobalSection(SolutionProperties) = preSolution
		HideSolutionNode = FALSE
	EndGlobalSection
EndGlobal
